
Microsoft Visual Studio Solution File, Format Version 12.00
# Visual Studio Version 17
VisualStudioVersion = 17.6.33723.286
MinimumVisualStudioVersion = 10.0.40219.1
Project("{FAE04EC0-301F-11D3-BF4B-00C04F79EFBC}") = "BasicSocketServer", "BasicSocketServer\BasicSocketServer.csproj", "{0B4B5D08-6CB2-42F7-BE02-055A9520D079}"
EndProject
Global
	GlobalSection(SolutionConfigurationPlatforms) = preSolution
		Debug|Any CPU = Debug|Any CPU
		Release|Any CPU = Release|Any CPU
	EndGlobalSection
	GlobalSection(ProjectConfigurationPlatforms) = postSolution
		{0B4B5D08-6CB2-42F7-BE02-055A9520D079}.Debug|Any CPU.ActiveCfg = Debug|Any CPU
		{0B4B5D08-6CB2-42F7-BE02-055A9520D079}.Debug|Any CPU.Build.0 = Debug|Any CPU
		{0B4B5D08-6CB2-42F7-BE02-055A9520D079}.Release|Any CPU.ActiveCfg = Release|Any CPU
		{0B4B5D08-6CB2-42F7-BE02-055A9520D079}.Release|Any CPU.Build.0 = Release|Any CPU
	EndGlobalSection
	GlobalSection(SolutionProperties) = preSolution
		HideSolutionNode = FALSE
	EndGlobalSection
	GlobalSection(ExtensibilityGlobals) = postSolution
		SolutionGuid = {FD498A3C-B969-4DCB-A49D-34BE0B47F588}
	EndGlobalSection
EndGlobal
